// !$*UTF8*$!
{
	archiveVersion = 1;
	classes = {
	};
	objectVersion = 50;
	objects = {

/* Begin PBXBuildFile section */
		2DC519539A94F8AC991D2E61 /* Pods_FlowTests.framework in Frameworks */ = {isa = PBXBuildFile; fileRef = 86C0639861640ACC6DCE7E03 /* Pods_FlowTests.framework */; };
		3A22099B21E2131100AF9247 /* AppDelegate.swift in Sources */ = {isa = PBXBuildFile; fileRef = 3A22099A21E2131100AF9247 /* AppDelegate.swift */; };
		3A2209A221E2131100AF9247 /* Main.storyboard in Resources */ = {isa = PBXBuildFile; fileRef = 3A2209A021E2131100AF9247 /* Main.storyboard */; };
		3A2209A721E2131300AF9247 /* LaunchScreen.storyboard in Resources */ = {isa = PBXBuildFile; fileRef = 3A2209A521E2131300AF9247 /* LaunchScreen.storyboard */; };
		3A2209B221E2131300AF9247 /* FlowTests.swift in Sources */ = {isa = PBXBuildFile; fileRef = 3A2209B121E2131300AF9247 /* FlowTests.swift */; };
		3A2209BD21E2131300AF9247 /* FlowUITests.swift in Sources */ = {isa = PBXBuildFile; fileRef = 3A2209BC21E2131300AF9247 /* FlowUITests.swift */; };
		3A2209CB21E2585200AF9247 /* HomeViewController.swift in Sources */ = {isa = PBXBuildFile; fileRef = 3A2209CA21E2585200AF9247 /* HomeViewController.swift */; };
		3A2209CF21E25AAC00AF9247 /* TextCollectionViewCell.swift in Sources */ = {isa = PBXBuildFile; fileRef = 3A2209CE21E25AAC00AF9247 /* TextCollectionViewCell.swift */; };
		3A2209D121E2658100AF9247 /* Assets.xcassets in Resources */ = {isa = PBXBuildFile; fileRef = 3A2209D021E2658100AF9247 /* Assets.xcassets */; };
		3A2209DC21E2670200AF9247 /* DataManager.swift in Sources */ = {isa = PBXBuildFile; fileRef = 3A2209D321E2670200AF9247 /* DataManager.swift */; };
		3A2209E021E2670200AF9247 /* TokenManager.swift in Sources */ = {isa = PBXBuildFile; fileRef = 3A2209D821E2670200AF9247 /* TokenManager.swift */; };
		3A2209E121E2670200AF9247 /* Media.swift in Sources */ = {isa = PBXBuildFile; fileRef = 3A2209D921E2670200AF9247 /* Media.swift */; };
		3A2209E221E2670200AF9247 /* APIResponse.swift in Sources */ = {isa = PBXBuildFile; fileRef = 3A2209DA21E2670200AF9247 /* APIResponse.swift */; };
		8707A332FD224BC76649AC7D /* Pods_Flow.framework in Frameworks */ = {isa = PBXBuildFile; fileRef = A066927F38E8C6AD195E4B43 /* Pods_Flow.framework */; };
		D37A68A8E7B7CB1B5FFDBC5C /* Pods_FlowUITests.framework in Frameworks */ = {isa = PBXBuildFile; fileRef = CAD177E9AC39A9D444A2DA59 /* Pods_FlowUITests.framework */; };
/* End PBXBuildFile section */

/* Begin PBXContainerItemProxy section */
		3A2209AE21E2131300AF9247 /* PBXContainerItemProxy */ = {
			isa = PBXContainerItemProxy;
			containerPortal = 3A22098F21E2131100AF9247 /* Project object */;
			proxyType = 1;
			remoteGlobalIDString = 3A22099621E2131100AF9247;
			remoteInfo = Flow;
		};
		3A2209B921E2131300AF9247 /* PBXContainerItemProxy */ = {
			isa = PBXContainerItemProxy;
			containerPortal = 3A22098F21E2131100AF9247 /* Project object */;
			proxyType = 1;
			remoteGlobalIDString = 3A22099621E2131100AF9247;
			remoteInfo = Flow;
		};
/* End PBXContainerItemProxy section */

/* Begin PBXFileReference section */
		10FD075493D42B3C723E578B /* Pods-FlowTests.release.xcconfig */ = {isa = PBXFileReference; includeInIndex = 1; lastKnownFileType = text.xcconfig; name = "Pods-FlowTests.release.xcconfig"; path = "Pods/Target Support Files/Pods-FlowTests/Pods-FlowTests.release.xcconfig"; sourceTree = "<group>"; };
		3A22099721E2131100AF9247 /* Flow.app */ = {isa = PBXFileReference; explicitFileType = wrapper.application; includeInIndex = 0; path = Flow.app; sourceTree = BUILT_PRODUCTS_DIR; };
		3A22099A21E2131100AF9247 /* AppDelegate.swift */ = {isa = PBXFileReference; lastKnownFileType = sourcecode.swift; path = AppDelegate.swift; sourceTree = "<group>"; };
		3A2209A121E2131100AF9247 /* Base */ = {isa = PBXFileReference; lastKnownFileType = file.storyboard; name = Base; path = Base.lproj/Main.storyboard; sourceTree = "<group>"; };
		3A2209A621E2131300AF9247 /* Base */ = {isa = PBXFileReference; lastKnownFileType = file.storyboard; name = Base; path = Base.lproj/LaunchScreen.storyboard; sourceTree = "<group>"; };
		3A2209A821E2131300AF9247 /* Info.plist */ = {isa = PBXFileReference; lastKnownFileType = text.plist.xml; path = Info.plist; sourceTree = "<group>"; };
		3A2209AD21E2131300AF9247 /* FlowTests.xctest */ = {isa = PBXFileReference; explicitFileType = wrapper.cfbundle; includeInIndex = 0; path = FlowTests.xctest; sourceTree = BUILT_PRODUCTS_DIR; };
		3A2209B121E2131300AF9247 /* FlowTests.swift */ = {isa = PBXFileReference; lastKnownFileType = sourcecode.swift; path = FlowTests.swift; sourceTree = "<group>"; };
		3A2209B321E2131300AF9247 /* Info.plist */ = {isa = PBXFileReference; lastKnownFileType = text.plist.xml; path = Info.plist; sourceTree = "<group>"; };
		3A2209B821E2131300AF9247 /* FlowUITests.xctest */ = {isa = PBXFileReference; explicitFileType = wrapper.cfbundle; includeInIndex = 0; path = FlowUITests.xctest; sourceTree = BUILT_PRODUCTS_DIR; };
		3A2209BC21E2131300AF9247 /* FlowUITests.swift */ = {isa = PBXFileReference; lastKnownFileType = sourcecode.swift; path = FlowUITests.swift; sourceTree = "<group>"; };
		3A2209BE21E2131300AF9247 /* Info.plist */ = {isa = PBXFileReference; lastKnownFileType = text.plist.xml; path = Info.plist; sourceTree = "<group>"; };
		3A2209CA21E2585200AF9247 /* HomeViewController.swift */ = {isa = PBXFileReference; lastKnownFileType = sourcecode.swift; path = HomeViewController.swift; sourceTree = "<group>"; };
		3A2209CE21E25AAC00AF9247 /* TextCollectionViewCell.swift */ = {isa = PBXFileReference; fileEncoding = 4; lastKnownFileType = sourcecode.swift; path = TextCollectionViewCell.swift; sourceTree = "<group>"; };
		3A2209D021E2658100AF9247 /* Assets.xcassets */ = {isa = PBXFileReference; lastKnownFileType = folder.assetcatalog; path = Assets.xcassets; sourceTree = "<group>"; };
		3A2209D321E2670200AF9247 /* DataManager.swift */ = {isa = PBXFileReference; fileEncoding = 4; lastKnownFileType = sourcecode.swift; path = DataManager.swift; sourceTree = "<group>"; };
		3A2209D821E2670200AF9247 /* TokenManager.swift */ = {isa = PBXFileReference; fileEncoding = 4; lastKnownFileType = sourcecode.swift; path = TokenManager.swift; sourceTree = "<group>"; };
		3A2209D921E2670200AF9247 /* Media.swift */ = {isa = PBXFileReference; fileEncoding = 4; lastKnownFileType = sourcecode.swift; path = Media.swift; sourceTree = "<group>"; };
		3A2209DA21E2670200AF9247 /* APIResponse.swift */ = {isa = PBXFileReference; fileEncoding = 4; lastKnownFileType = sourcecode.swift; path = APIResponse.swift; sourceTree = "<group>"; };
		681692A051118861E09BB533 /* Pods-FlowUITests.debug.xcconfig */ = {isa = PBXFileReference; includeInIndex = 1; lastKnownFileType = text.xcconfig; name = "Pods-FlowUITests.debug.xcconfig"; path = "Pods/Target Support Files/Pods-FlowUITests/Pods-FlowUITests.debug.xcconfig"; sourceTree = "<group>"; };
		86C0639861640ACC6DCE7E03 /* Pods_FlowTests.framework */ = {isa = PBXFileReference; explicitFileType = wrapper.framework; includeInIndex = 0; path = Pods_FlowTests.framework; sourceTree = BUILT_PRODUCTS_DIR; };
		8B414C9B052FD596BF431748 /* Pods-Flow.debug.xcconfig */ = {isa = PBXFileReference; includeInIndex = 1; lastKnownFileType = text.xcconfig; name = "Pods-Flow.debug.xcconfig"; path = "Pods/Target Support Files/Pods-Flow/Pods-Flow.debug.xcconfig"; sourceTree = "<group>"; };
		A066927F38E8C6AD195E4B43 /* Pods_Flow.framework */ = {isa = PBXFileReference; explicitFileType = wrapper.framework; includeInIndex = 0; path = Pods_Flow.framework; sourceTree = BUILT_PRODUCTS_DIR; };
		CAD177E9AC39A9D444A2DA59 /* Pods_FlowUITests.framework */ = {isa = PBXFileReference; explicitFileType = wrapper.framework; includeInIndex = 0; path = Pods_FlowUITests.framework; sourceTree = BUILT_PRODUCTS_DIR; };
		D320A95B2BBEEC154870605E /* Pods-Flow.release.xcconfig */ = {isa = PBXFileReference; includeInIndex = 1; lastKnownFileType = text.xcconfig; name = "Pods-Flow.release.xcconfig"; path = "Pods/Target Support Files/Pods-Flow/Pods-Flow.release.xcconfig"; sourceTree = "<group>"; };
		DABF5D3193B2CCD79719ABEB /* Pods-FlowUITests.release.xcconfig */ = {isa = PBXFileReference; includeInIndex = 1; lastKnownFileType = text.xcconfig; name = "Pods-FlowUITests.release.xcconfig"; path = "Pods/Target Support Files/Pods-FlowUITests/Pods-FlowUITests.release.xcconfig"; sourceTree = "<group>"; };
		EE833E97D3709FB8ED1FC6A7 /* Pods-FlowTests.debug.xcconfig */ = {isa = PBXFileReference; includeInIndex = 1; lastKnownFileType = text.xcconfig; name = "Pods-FlowTests.debug.xcconfig"; path = "Pods/Target Support Files/Pods-FlowTests/Pods-FlowTests.debug.xcconfig"; sourceTree = "<group>"; };
/* End PBXFileReference section */

/* Begin PBXFrameworksBuildPhase section */
		3A22099421E2131100AF9247 /* Frameworks */ = {
			isa = PBXFrameworksBuildPhase;
			buildActionMask = 2147483647;
			files = (
				8707A332FD224BC76649AC7D /* Pods_Flow.framework in Frameworks */,
			);
			runOnlyForDeploymentPostprocessing = 0;
		};
		3A2209AA21E2131300AF9247 /* Frameworks */ = {
			isa = PBXFrameworksBuildPhase;
			buildActionMask = 2147483647;
			files = (
				2DC519539A94F8AC991D2E61 /* Pods_FlowTests.framework in Frameworks */,
			);
			runOnlyForDeploymentPostprocessing = 0;
		};
		3A2209B521E2131300AF9247 /* Frameworks */ = {
			isa = PBXFrameworksBuildPhase;
			buildActionMask = 2147483647;
			files = (
				D37A68A8E7B7CB1B5FFDBC5C /* Pods_FlowUITests.framework in Frameworks */,
			);
			runOnlyForDeploymentPostprocessing = 0;
		};
/* End PBXFrameworksBuildPhase section */

/* Begin PBXGroup section */
		3A22098E21E2131100AF9247 = {
			isa = PBXGroup;
			children = (
				3A22099921E2131100AF9247 /* Flow */,
				3A2209B021E2131300AF9247 /* FlowTests */,
				3A2209BB21E2131300AF9247 /* FlowUITests */,
				3A22099821E2131100AF9247 /* Products */,
				AA8620DF5959294EBBC2B101 /* Pods */,
				59C9F52D5E4CCE871CD1181D /* Frameworks */,
			);
			sourceTree = "<group>";
		};
		3A22099821E2131100AF9247 /* Products */ = {
			isa = PBXGroup;
			children = (
				3A22099721E2131100AF9247 /* Flow.app */,
				3A2209AD21E2131300AF9247 /* FlowTests.xctest */,
				3A2209B821E2131300AF9247 /* FlowUITests.xctest */,
			);
			name = Products;
			sourceTree = "<group>";
		};
		3A22099921E2131100AF9247 /* Flow */ = {
			isa = PBXGroup;
			children = (
				3A2209CC21E25A8E00AF9247 /* Extensions */,
				3A22099A21E2131100AF9247 /* AppDelegate.swift */,
				3A2209CA21E2585200AF9247 /* HomeViewController.swift */,
				3A2209A021E2131100AF9247 /* Main.storyboard */,
				3A2209A521E2131300AF9247 /* LaunchScreen.storyboard */,
				3A2209A821E2131300AF9247 /* Info.plist */,
				3A2209D021E2658100AF9247 /* Assets.xcassets */,
			);
			path = Flow;
			sourceTree = "<group>";
		};
		3A2209B021E2131300AF9247 /* FlowTests */ = {
			isa = PBXGroup;
			children = (
				3A2209B121E2131300AF9247 /* FlowTests.swift */,
				3A2209B321E2131300AF9247 /* Info.plist */,
			);
			path = FlowTests;
			sourceTree = "<group>";
		};
		3A2209BB21E2131300AF9247 /* FlowUITests */ = {
			isa = PBXGroup;
			children = (
				3A2209BC21E2131300AF9247 /* FlowUITests.swift */,
				3A2209BE21E2131300AF9247 /* Info.plist */,
			);
			path = FlowUITests;
			sourceTree = "<group>";
		};
		3A2209CC21E25A8E00AF9247 /* Extensions */ = {
			isa = PBXGroup;
			children = (
				3A2209D221E2670200AF9247 /* DataManagement */,
				3A2209D421E2670200AF9247 /* Models */,
				3A2209CD21E25A9900AF9247 /* Cells */,
			);
			path = Extensions;
			sourceTree = "<group>";
		};
		3A2209CD21E25A9900AF9247 /* Cells */ = {
			isa = PBXGroup;
			children = (
				3A2209CE21E25AAC00AF9247 /* TextCollectionViewCell.swift */,
			);
			path = Cells;
			sourceTree = "<group>";
		};
		3A2209D221E2670200AF9247 /* DataManagement */ = {
			isa = PBXGroup;
			children = (
				3A2209D321E2670200AF9247 /* DataManager.swift */,
			);
			path = DataManagement;
			sourceTree = "<group>";
		};
		3A2209D421E2670200AF9247 /* Models */ = {
			isa = PBXGroup;
			children = (
				3A2209D821E2670200AF9247 /* TokenManager.swift */,
				3A2209D921E2670200AF9247 /* Media.swift */,
				3A2209DA21E2670200AF9247 /* APIResponse.swift */,
			);
			path = Models;
			sourceTree = "<group>";
		};
		59C9F52D5E4CCE871CD1181D /* Frameworks */ = {
			isa = PBXGroup;
			children = (
				A066927F38E8C6AD195E4B43 /* Pods_Flow.framework */,
				86C0639861640ACC6DCE7E03 /* Pods_FlowTests.framework */,
				CAD177E9AC39A9D444A2DA59 /* Pods_FlowUITests.framework */,
			);
			name = Frameworks;
			sourceTree = "<group>";
		};
		AA8620DF5959294EBBC2B101 /* Pods */ = {
			isa = PBXGroup;
			children = (
				8B414C9B052FD596BF431748 /* Pods-Flow.debug.xcconfig */,
				D320A95B2BBEEC154870605E /* Pods-Flow.release.xcconfig */,
				EE833E97D3709FB8ED1FC6A7 /* Pods-FlowTests.debug.xcconfig */,
				10FD075493D42B3C723E578B /* Pods-FlowTests.release.xcconfig */,
				681692A051118861E09BB533 /* Pods-FlowUITests.debug.xcconfig */,
				DABF5D3193B2CCD79719ABEB /* Pods-FlowUITests.release.xcconfig */,
			);
			name = Pods;
			sourceTree = "<group>";
		};
/* End PBXGroup section */

/* Begin PBXNativeTarget section */
		3A22099621E2131100AF9247 /* Flow */ = {
			isa = PBXNativeTarget;
			buildConfigurationList = 3A2209C121E2131300AF9247 /* Build configuration list for PBXNativeTarget "Flow" */;
			buildPhases = (
				6E470245C77C7A32B9EF8B02 /* [CP] Check Pods Manifest.lock */,
				3A22099321E2131100AF9247 /* Sources */,
				3A22099421E2131100AF9247 /* Frameworks */,
				3A22099521E2131100AF9247 /* Resources */,
				60C744DCC24A1008F43DC026 /* [CP] Embed Pods Frameworks */,
			);
			buildRules = (
			);
			dependencies = (
			);
			name = Flow;
			productName = Flow;
			productReference = 3A22099721E2131100AF9247 /* Flow.app */;
			productType = "com.apple.product-type.application";
		};
		3A2209AC21E2131300AF9247 /* FlowTests */ = {
			isa = PBXNativeTarget;
			buildConfigurationList = 3A2209C421E2131300AF9247 /* Build configuration list for PBXNativeTarget "FlowTests" */;
			buildPhases = (
				722A49C2FB4F4C83C4CDB6B9 /* [CP] Check Pods Manifest.lock */,
				3A2209A921E2131300AF9247 /* Sources */,
				3A2209AA21E2131300AF9247 /* Frameworks */,
				3A2209AB21E2131300AF9247 /* Resources */,
			);
			buildRules = (
			);
			dependencies = (
				3A2209AF21E2131300AF9247 /* PBXTargetDependency */,
			);
			name = FlowTests;
			productName = FlowTests;
			productReference = 3A2209AD21E2131300AF9247 /* FlowTests.xctest */;
			productType = "com.apple.product-type.bundle.unit-test";
		};
		3A2209B721E2131300AF9247 /* FlowUITests */ = {
			isa = PBXNativeTarget;
			buildConfigurationList = 3A2209C721E2131300AF9247 /* Build configuration list for PBXNativeTarget "FlowUITests" */;
			buildPhases = (
				9219148FF7E1EABB819774E2 /* [CP] Check Pods Manifest.lock */,
				3A2209B421E2131300AF9247 /* Sources */,
				3A2209B521E2131300AF9247 /* Frameworks */,
				3A2209B621E2131300AF9247 /* Resources */,
			);
			buildRules = (
			);
			dependencies = (
				3A2209BA21E2131300AF9247 /* PBXTargetDependency */,
			);
			name = FlowUITests;
			productName = FlowUITests;
			productReference = 3A2209B821E2131300AF9247 /* FlowUITests.xctest */;
			productType = "com.apple.product-type.bundle.ui-testing";
		};
/* End PBXNativeTarget section */

/* Begin PBXProject section */
		3A22098F21E2131100AF9247 /* Project object */ = {
			isa = PBXProject;
			attributes = {
				LastSwiftUpdateCheck = 1000;
				LastUpgradeCheck = 1000;
				ORGANIZATIONNAME = Arena;
				TargetAttributes = {
					3A22099621E2131100AF9247 = {
						CreatedOnToolsVersion = 10.0;
					};
					3A2209AC21E2131300AF9247 = {
						CreatedOnToolsVersion = 10.0;
						TestTargetID = 3A22099621E2131100AF9247;
					};
					3A2209B721E2131300AF9247 = {
						CreatedOnToolsVersion = 10.0;
						TestTargetID = 3A22099621E2131100AF9247;
					};
				};
			};
			buildConfigurationList = 3A22099221E2131100AF9247 /* Build configuration list for PBXProject "Flow" */;
			compatibilityVersion = "Xcode 9.3";
			developmentRegion = en;
			hasScannedForEncodings = 0;
			knownRegions = (
				en,
				Base,
			);
			mainGroup = 3A22098E21E2131100AF9247;
			productRefGroup = 3A22099821E2131100AF9247 /* Products */;
			projectDirPath = "";
			projectRoot = "";
			targets = (
				3A22099621E2131100AF9247 /* Flow */,
				3A2209AC21E2131300AF9247 /* FlowTests */,
				3A2209B721E2131300AF9247 /* FlowUITests */,
			);
		};
/* End PBXProject section */

/* Begin PBXResourcesBuildPhase section */
		3A22099521E2131100AF9247 /* Resources */ = {
			isa = PBXResourcesBuildPhase;
			buildActionMask = 2147483647;
			files = (
				3A2209A721E2131300AF9247 /* LaunchScreen.storyboard in Resources */,
				3A2209D121E2658100AF9247 /* Assets.xcassets in Resources */,
				3A2209A221E2131100AF9247 /* Main.storyboard in Resources */,
			);
			runOnlyForDeploymentPostprocessing = 0;
		};
		3A2209AB21E2131300AF9247 /* Resources */ = {
			isa = PBXResourcesBuildPhase;
			buildActionMask = 2147483647;
			files = (
			);
			runOnlyForDeploymentPostprocessing = 0;
		};
		3A2209B621E2131300AF9247 /* Resources */ = {
			isa = PBXResourcesBuildPhase;
			buildActionMask = 2147483647;
			files = (
			);
			runOnlyForDeploymentPostprocessing = 0;
		};
/* End PBXResourcesBuildPhase section */

/* Begin PBXShellScriptBuildPhase section */
		60C744DCC24A1008F43DC026 /* [CP] Embed Pods Frameworks */ = {
			isa = PBXShellScriptBuildPhase;
			buildActionMask = 2147483647;
			files = (
			);
			inputPaths = (
				"${SRCROOT}/Pods/Target Support Files/Pods-Flow/Pods-Flow-frameworks.sh",
				"${BUILT_PRODUCTS_DIR}/Alamofire/Alamofire.framework",
				"${BUILT_PRODUCTS_DIR}/IQKeyboardManagerSwift/IQKeyboardManagerSwift.framework",
				"${BUILT_PRODUCTS_DIR}/RSKCollectionViewRetractableFirstItemLayout/RSKCollectionViewRetractableFirstItemLayout.framework",
				"${BUILT_PRODUCTS_DIR}/SwiftyJSON/SwiftyJSON.framework",
			);
			name = "[CP] Embed Pods Frameworks";
			outputPaths = (
				"${TARGET_BUILD_DIR}/${FRAMEWORKS_FOLDER_PATH}/Alamofire.framework",
				"${TARGET_BUILD_DIR}/${FRAMEWORKS_FOLDER_PATH}/IQKeyboardManagerSwift.framework",
				"${TARGET_BUILD_DIR}/${FRAMEWORKS_FOLDER_PATH}/RSKCollectionViewRetractableFirstItemLayout.framework",
				"${TARGET_BUILD_DIR}/${FRAMEWORKS_FOLDER_PATH}/SwiftyJSON.framework",
			);
			runOnlyForDeploymentPostprocessing = 0;
			shellPath = /bin/sh;
			shellScript = "\"${SRCROOT}/Pods/Target Support Files/Pods-Flow/Pods-Flow-frameworks.sh\"\n";
			showEnvVarsInLog = 0;
		};
		6E470245C77C7A32B9EF8B02 /* [CP] Check Pods Manifest.lock */ = {
			isa = PBXShellScriptBuildPhase;
			buildActionMask = 2147483647;
			files = (
			);
			inputPaths = (
				"${PODS_PODFILE_DIR_PATH}/Podfile.lock",
				"${PODS_ROOT}/Manifest.lock",
			);
			name = "[CP] Check Pods Manifest.lock";
			outputPaths = (
				"$(DERIVED_FILE_DIR)/Pods-Flow-checkManifestLockResult.txt",
			);
			runOnlyForDeploymentPostprocessing = 0;
			shellPath = /bin/sh;
			shellScript = "diff \"${PODS_PODFILE_DIR_PATH}/Podfile.lock\" \"${PODS_ROOT}/Manifest.lock\" > /dev/null\nif [ $? != 0 ] ; then\n    # print error to STDERR\n    echo \"error: The sandbox is not in sync with the Podfile.lock. Run 'pod install' or update your CocoaPods installation.\" >&2\n    exit 1\nfi\n# This output is used by Xcode 'outputs' to avoid re-running this script phase.\necho \"SUCCESS\" > \"${SCRIPT_OUTPUT_FILE_0}\"\n";
			showEnvVarsInLog = 0;
		};
		722A49C2FB4F4C83C4CDB6B9 /* [CP] Check Pods Manifest.lock */ = {
			isa = PBXShellScriptBuildPhase;
			buildActionMask = 2147483647;
			files = (
			);
			inputPaths = (
				"${PODS_PODFILE_DIR_PATH}/Podfile.lock",
				"${PODS_ROOT}/Manifest.lock",
			);
			name = "[CP] Check Pods Manifest.lock";
			outputPaths = (
				"$(DERIVED_FILE_DIR)/Pods-FlowTests-checkManifestLockResult.txt",
			);
			runOnlyForDeploymentPostprocessing = 0;
			shellPath = /bin/sh;
			shellScript = "diff \"${PODS_PODFILE_DIR_PATH}/Podfile.lock\" \"${PODS_ROOT}/Manifest.lock\" > /dev/null\nif [ $? != 0 ] ; then\n    # print error to STDERR\n    echo \"error: The sandbox is not in sync with the Podfile.lock. Run 'pod install' or update your CocoaPods installation.\" >&2\n    exit 1\nfi\n# This output is used by Xcode 'outputs' to avoid re-running this script phase.\necho \"SUCCESS\" > \"${SCRIPT_OUTPUT_FILE_0}\"\n";
			showEnvVarsInLog = 0;
		};
		9219148FF7E1EABB819774E2 /* [CP] Check Pods Manifest.lock */ = {
			isa = PBXShellScriptBuildPhase;
			buildActionMask = 2147483647;
			files = (
			);
			inputPaths = (
				"${PODS_PODFILE_DIR_PATH}/Podfile.lock",
				"${PODS_ROOT}/Manifest.lock",
			);
			name = "[CP] Check Pods Manifest.lock";
			outputPaths = (
				"$(DERIVED_FILE_DIR)/Pods-FlowUITests-checkManifestLockResult.txt",
			);
			runOnlyForDeploymentPostprocessing = 0;
			shellPath = /bin/sh;
			shellScript = "diff \"${PODS_PODFILE_DIR_PATH}/Podfile.lock\" \"${PODS_ROOT}/Manifest.lock\" > /dev/null\nif [ $? != 0 ] ; then\n    # print error to STDERR\n    echo \"error: The sandbox is not in sync with the Podfile.lock. Run 'pod install' or update your CocoaPods installation.\" >&2\n    exit 1\nfi\n# This output is used by Xcode 'outputs' to avoid re-running this script phase.\necho \"SUCCESS\" > \"${SCRIPT_OUTPUT_FILE_0}\"\n";
			showEnvVarsInLog = 0;
		};
/* End PBXShellScriptBuildPhase section */

/* Begin PBXSourcesBuildPhase section */
		3A22099321E2131100AF9247 /* Sources */ = {
			isa = PBXSourcesBuildPhase;
			buildActionMask = 2147483647;
			files = (
				3A2209E021E2670200AF9247 /* TokenManager.swift in Sources */,
				3A22099B21E2131100AF9247 /* AppDelegate.swift in Sources */,
				3A2209E221E2670200AF9247 /* APIResponse.swift in Sources */,
				3A2209DC21E2670200AF9247 /* DataManager.swift in Sources */,
				3A2209E121E2670200AF9247 /* Media.swift in Sources */,
				3A2209CF21E25AAC00AF9247 /* TextCollectionViewCell.swift in Sources */,
				3A2209CB21E2585200AF9247 /* HomeViewController.swift in Sources */,
			);
			runOnlyForDeploymentPostprocessing = 0;
		};
		3A2209A921E2131300AF9247 /* Sources */ = {
			isa = PBXSourcesBuildPhase;
			buildActionMask = 2147483647;
			files = (
				3A2209B221E2131300AF9247 /* FlowTests.swift in Sources */,
			);
			runOnlyForDeploymentPostprocessing = 0;
		};
		3A2209B421E2131300AF9247 /* Sources */ = {
			isa = PBXSourcesBuildPhase;
			buildActionMask = 2147483647;
			files = (
				3A2209BD21E2131300AF9247 /* FlowUITests.swift in Sources */,
			);
			runOnlyForDeploymentPostprocessing = 0;
		};
/* End PBXSourcesBuildPhase section */

/* Begin PBXTargetDependency section */
		3A2209AF21E2131300AF9247 /* PBXTargetDependency */ = {
			isa = PBXTargetDependency;
			target = 3A22099621E2131100AF9247 /* Flow */;
			targetProxy = 3A2209AE21E2131300AF9247 /* PBXContainerItemProxy */;
		};
		3A2209BA21E2131300AF9247 /* PBXTargetDependency */ = {
			isa = PBXTargetDependency;
			target = 3A22099621E2131100AF9247 /* Flow */;
			targetProxy = 3A2209B921E2131300AF9247 /* PBXContainerItemProxy */;
		};
/* End PBXTargetDependency section */

/* Begin PBXVariantGroup section */
		3A2209A021E2131100AF9247 /* Main.storyboard */ = {
			isa = PBXVariantGroup;
			children = (
				3A2209A121E2131100AF9247 /* Base */,
			);
			name = Main.storyboard;
			sourceTree = "<group>";
		};
		3A2209A521E2131300AF9247 /* LaunchScreen.storyboard */ = {
			isa = PBXVariantGroup;
			children = (
				3A2209A621E2131300AF9247 /* Base */,
			);
			name = LaunchScreen.storyboard;
			sourceTree = "<group>";
		};
/* End PBXVariantGroup section */

/* Begin XCBuildConfiguration section */
		3A2209BF21E2131300AF9247 /* Debug */ = {
			isa = XCBuildConfiguration;
			buildSettings = {
				ALWAYS_SEARCH_USER_PATHS = NO;
				CLANG_ANALYZER_NONNULL = YES;
				CLANG_ANALYZER_NUMBER_OBJECT_CONVERSION = YES_AGGRESSIVE;
				CLANG_CXX_LANGUAGE_STANDARD = "gnu++14";
				CLANG_CXX_LIBRARY = "libc++";
				CLANG_ENABLE_MODULES = YES;
				CLANG_ENABLE_OBJC_ARC = YES;
				CLANG_ENABLE_OBJC_WEAK = YES;
				CLANG_WARN_BLOCK_CAPTURE_AUTORELEASING = YES;
				CLANG_WARN_BOOL_CONVERSION = YES;
				CLANG_WARN_COMMA = YES;
				CLANG_WARN_CONSTANT_CONVERSION = YES;
				CLANG_WARN_DEPRECATED_OBJC_IMPLEMENTATIONS = YES;
				CLANG_WARN_DIRECT_OBJC_ISA_USAGE = YES_ERROR;
				CLANG_WARN_DOCUMENTATION_COMMENTS = YES;
				CLANG_WARN_EMPTY_BODY = YES;
				CLANG_WARN_ENUM_CONVERSION = YES;
				CLANG_WARN_INFINITE_RECURSION = YES;
				CLANG_WARN_INT_CONVERSION = YES;
				CLANG_WARN_NON_LITERAL_NULL_CONVERSION = YES;
				CLANG_WARN_OBJC_IMPLICIT_RETAIN_SELF = YES;
				CLANG_WARN_OBJC_LITERAL_CONVERSION = YES;
				CLANG_WARN_OBJC_ROOT_CLASS = YES_ERROR;
				CLANG_WARN_RANGE_LOOP_ANALYSIS = YES;
				CLANG_WARN_STRICT_PROTOTYPES = YES;
				CLANG_WARN_SUSPICIOUS_MOVE = YES;
				CLANG_WARN_UNGUARDED_AVAILABILITY = YES_AGGRESSIVE;
				CLANG_WARN_UNREACHABLE_CODE = YES;
				CLANG_WARN__DUPLICATE_METHOD_MATCH = YES;
				CODE_SIGN_IDENTITY = "iPhone Developer";
				COPY_PHASE_STRIP = NO;
				DEBUG_INFORMATION_FORMAT = dwarf;
				ENABLE_STRICT_OBJC_MSGSEND = YES;
				ENABLE_TESTABILITY = YES;
				GCC_C_LANGUAGE_STANDARD = gnu11;
				GCC_DYNAMIC_NO_PIC = NO;
				GCC_NO_COMMON_BLOCKS = YES;
				GCC_OPTIMIZATION_LEVEL = 0;
				GCC_PREPROCESSOR_DEFINITIONS = (
					"DEBUG=1",
					"$(inherited)",
				);
				GCC_WARN_64_TO_32_BIT_CONVERSION = YES;
				GCC_WARN_ABOUT_RETURN_TYPE = YES_ERROR;
				GCC_WARN_UNDECLARED_SELECTOR = YES;
				GCC_WARN_UNINITIALIZED_AUTOS = YES_AGGRESSIVE;
				GCC_WARN_UNUSED_FUNCTION = YES;
				GCC_WARN_UNUSED_VARIABLE = YES;
				IPHONEOS_DEPLOYMENT_TARGET = 12.0;
				MTL_ENABLE_DEBUG_INFO = INCLUDE_SOURCE;
				MTL_FAST_MATH = YES;
				ONLY_ACTIVE_ARCH = YES;
				SDKROOT = iphoneos;
				SWIFT_ACTIVE_COMPILATION_CONDITIONS = DEBUG;
				SWIFT_OPTIMIZATION_LEVEL = "-Onone";
			};
			name = Debug;
		};
		3A2209C021E2131300AF9247 /* Release */ = {
			isa = XCBuildConfiguration;
			buildSettings = {
				ALWAYS_SEARCH_USER_PATHS = NO;
				CLANG_ANALYZER_NONNULL = YES;
				CLANG_ANALYZER_NUMBER_OBJECT_CONVERSION = YES_AGGRESSIVE;
				CLANG_CXX_LANGUAGE_STANDARD = "gnu++14";
				CLANG_CXX_LIBRARY = "libc++";
				CLANG_ENABLE_MODULES = YES;
				CLANG_ENABLE_OBJC_ARC = YES;
				CLANG_ENABLE_OBJC_WEAK = YES;
				CLANG_WARN_BLOCK_CAPTURE_AUTORELEASING = YES;
				CLANG_WARN_BOOL_CONVERSION = YES;
				CLANG_WARN_COMMA = YES;
				CLANG_WARN_CONSTANT_CONVERSION = YES;
				CLANG_WARN_DEPRECATED_OBJC_IMPLEMENTATIONS = YES;
				CLANG_WARN_DIRECT_OBJC_ISA_USAGE = YES_ERROR;
				CLANG_WARN_DOCUMENTATION_COMMENTS = YES;
				CLANG_WARN_EMPTY_BODY = YES;
				CLANG_WARN_ENUM_CONVERSION = YES;
				CLANG_WARN_INFINITE_RECURSION = YES;
				CLANG_WARN_INT_CONVERSION = YES;
				CLANG_WARN_NON_LITERAL_NULL_CONVERSION = YES;
				CLANG_WARN_OBJC_IMPLICIT_RETAIN_SELF = YES;
				CLANG_WARN_OBJC_LITERAL_CONVERSION = YES;
				CLANG_WARN_OBJC_ROOT_CLASS = YES_ERROR;
				CLANG_WARN_RANGE_LOOP_ANALYSIS = YES;
				CLANG_WARN_STRICT_PROTOTYPES = YES;
				CLANG_WARN_SUSPICIOUS_MOVE = YES;
				CLANG_WARN_UNGUARDED_AVAILABILITY = YES_AGGRESSIVE;
				CLANG_WARN_UNREACHABLE_CODE = YES;
				CLANG_WARN__DUPLICATE_METHOD_MATCH = YES;
				CODE_SIGN_IDENTITY = "iPhone Developer";
				COPY_PHASE_STRIP = NO;
				DEBUG_INFORMATION_FORMAT = "dwarf-with-dsym";
				ENABLE_NS_ASSERTIONS = NO;
				ENABLE_STRICT_OBJC_MSGSEND = YES;
				GCC_C_LANGUAGE_STANDARD = gnu11;
				GCC_NO_COMMON_BLOCKS = YES;
				GCC_WARN_64_TO_32_BIT_CONVERSION = YES;
				GCC_WARN_ABOUT_RETURN_TYPE = YES_ERROR;
				GCC_WARN_UNDECLARED_SELECTOR = YES;
				GCC_WARN_UNINITIALIZED_AUTOS = YES_AGGRESSIVE;
				GCC_WARN_UNUSED_FUNCTION = YES;
				GCC_WARN_UNUSED_VARIABLE = YES;
				IPHONEOS_DEPLOYMENT_TARGET = 12.0;
				MTL_ENABLE_DEBUG_INFO = NO;
				MTL_FAST_MATH = YES;
				SDKROOT = iphoneos;
				SWIFT_COMPILATION_MODE = wholemodule;
				SWIFT_OPTIMIZATION_LEVEL = "-O";
				VALIDATE_PRODUCT = YES;
			};
			name = Release;
		};
		3A2209C221E2131300AF9247 /* Debug */ = {
			isa = XCBuildConfiguration;
			baseConfigurationReference = 8B414C9B052FD596BF431748 /* Pods-Flow.debug.xcconfig */;
			buildSettings = {
				ASSETCATALOG_COMPILER_APPICON_NAME = AppIcon;
				CODE_SIGN_STYLE = Automatic;
				DEVELOPMENT_TEAM = D5G8SK67F3;
				INFOPLIST_FILE = Flow/Info.plist;
				LD_RUNPATH_SEARCH_PATHS = (
					"$(inherited)",
					"@executable_path/Frameworks",
				);
				PRODUCT_BUNDLE_IDENTIFIER = Arena.Flow;
				PRODUCT_NAME = "$(TARGET_NAME)";
				SWIFT_VERSION = 4.2;
				TARGETED_DEVICE_FAMILY = "1,2";
			};
			name = Debug;
		};
		3A2209C321E2131300AF9247 /* Release */ = {
			isa = XCBuildConfiguration;
			baseConfigurationReference = D320A95B2BBEEC154870605E /* Pods-Flow.release.xcconfig */;
			buildSettings = {
				ASSETCATALOG_COMPILER_APPICON_NAME = AppIcon;
				CODE_SIGN_STYLE = Automatic;
				DEVELOPMENT_TEAM = D5G8SK67F3;
				INFOPLIST_FILE = Flow/Info.plist;
				LD_RUNPATH_SEARCH_PATHS = (
					"$(inherited)",
					"@executable_path/Frameworks",
				);
				PRODUCT_BUNDLE_IDENTIFIER = Arena.Flow;
				PRODUCT_NAME = "$(TARGET_NAME)";
				SWIFT_VERSION = 4.2;
				TARGETED_DEVICE_FAMILY = "1,2";
			};
			name = Release;
		};
		3A2209C521E2131300AF9247 /* Debug */ = {
			isa = XCBuildConfiguration;
			baseConfigurationReference = EE833E97D3709FB8ED1FC6A7 /* Pods-FlowTests.debug.xcconfig */;
			buildSettings = {
				ALWAYS_EMBED_SWIFT_STANDARD_LIBRARIES = YES;
				BUNDLE_LOADER = "$(TEST_HOST)";
				CODE_SIGN_STYLE = Automatic;
				DEVELOPMENT_TEAM = D5G8SK67F3;
				INFOPLIST_FILE = FlowTests/Info.plist;
				LD_RUNPATH_SEARCH_PATHS = (
					"$(inherited)",
					"@executable_path/Frameworks",
					"@loader_path/Frameworks",
				);
				PRODUCT_BUNDLE_IDENTIFIER = Arena.FlowTests;
				PRODUCT_NAME = "$(TARGET_NAME)";
				SWIFT_VERSION = 4.2;
				TARGETED_DEVICE_FAMILY = "1,2";
				TEST_HOST = "$(BUILT_PRODUCTS_DIR)/Flow.app/Flow";
			};
			name = Debug;
		};
		3A2209C621E2131300AF9247 /* Release */ = {
			isa = XCBuildConfiguration;
			baseConfigurationReference = 10FD075493D42B3C723E578B /* Pods-FlowTests.release.xcconfig */;
			buildSettings = {
				ALWAYS_EMBED_SWIFT_STANDARD_LIBRARIES = YES;
				BUNDLE_LOADER = "$(TEST_HOST)";
				CODE_SIGN_STYLE = Automatic;
				DEVELOPMENT_TEAM = D5G8SK67F3;
				INFOPLIST_FILE = FlowTests/Info.plist;
				LD_RUNPATH_SEARCH_PATHS = (
					"$(inherited)",
					"@executable_path/Frameworks",
					"@loader_path/Frameworks",
				);
				PRODUCT_BUNDLE_IDENTIFIER = Arena.FlowTests;
				PRODUCT_NAME = "$(TARGET_NAME)";
				SWIFT_VERSION = 4.2;
				TARGETED_DEVICE_FAMILY = "1,2";
				TEST_HOST = "$(BUILT_PRODUCTS_DIR)/Flow.app/Flow";
			};
			name = Release;
		};
		3A2209C821E2131300AF9247 /* Debug */ = {
			isa = XCBuildConfiguration;
			baseConfigurationReference = 681692A051118861E09BB533 /* Pods-FlowUITests.debug.xcconfig */;
			buildSettings = {
				ALWAYS_EMBED_SWIFT_STANDARD_LIBRARIES = YES;
				CODE_SIGN_STYLE = Automatic;
				DEVELOPMENT_TEAM = D5G8SK67F3;
				INFOPLIST_FILE = FlowUITests/Info.plist;
				LD_RUNPATH_SEARCH_PATHS = (
					"$(inherited)",
					"@executable_path/Frameworks",
					"@loader_path/Frameworks",
				);
				PRODUCT_BUNDLE_IDENTIFIER = Arena.FlowUITests;
				PRODUCT_NAME = "$(TARGET_NAME)";
				SWIFT_VERSION = 4.2;
				TARGETED_DEVICE_FAMILY = "1,2";
				TEST_TARGET_NAME = Flow;
			};
			name = Debug;
		};
		3A2209C921E2131300AF9247 /* Release */ = {
			isa = XCBuildConfiguration;
			baseConfigurationReference = DABF5D3193B2CCD79719ABEB /* Pods-FlowUITests.release.xcconfig */;
			buildSettings = {
				ALWAYS_EMBED_SWIFT_STANDARD_LIBRARIES = YES;
				CODE_SIGN_STYLE = Automatic;
				DEVELOPMENT_TEAM = D5G8SK67F3;
				INFOPLIST_FILE = FlowUITests/Info.plist;
				LD_RUNPATH_SEARCH_PATHS = (
					"$(inherited)",
					"@executable_path/Frameworks",
					"@loader_path/Frameworks",
				);
				PRODUCT_BUNDLE_IDENTIFIER = Arena.FlowUITests;
				PRODUCT_NAME = "$(TARGET_NAME)";
				SWIFT_VERSION = 4.2;
				TARGETED_DEVICE_FAMILY = "1,2";
				TEST_TARGET_NAME = Flow;
			};
			name = Release;
		};
/* End XCBuildConfiguration section */

/* Begin XCConfigurationList section */
		3A22099221E2131100AF9247 /* Build configuration list for PBXProject "Flow" */ = {
			isa = XCConfigurationList;
			buildConfigurations = (
				3A2209BF21E2131300AF9247 /* Debug */,
				3A2209C021E2131300AF9247 /* Release */,
			);
			defaultConfigurationIsVisible = 0;
			defaultConfigurationName = Release;
		};
		3A2209C121E2131300AF9247 /* Build configuration list for PBXNativeTarget "Flow" */ = {
			isa = XCConfigurationList;
			buildConfigurations = (
				3A2209C221E2131300AF9247 /* Debug */,
				3A2209C321E2131300AF9247 /* Release */,
			);
			defaultConfigurationIsVisible = 0;
			defaultConfigurationName = Release;
		};
		3A2209C421E2131300AF9247 /* Build configuration list for PBXNativeTarget "FlowTests" */ = {
			isa = XCConfigurationList;
			buildConfigurations = (
				3A2209C521E2131300AF9247 /* Debug */,
				3A2209C621E2131300AF9247 /* Release */,
			);
			defaultConfigurationIsVisible = 0;
			defaultConfigurationName = Release;
		};
		3A2209C721E2131300AF9247 /* Build configuration list for PBXNativeTarget "FlowUITests" */ = {
			isa = XCConfigurationList;
			buildConfigurations = (
				3A2209C821E2131300AF9247 /* Debug */,
				3A2209C921E2131300AF9247 /* Release */,
			);
			defaultConfigurationIsVisible = 0;
			defaultConfigurationName = Release;
		};
/* End XCConfigurationList section */
	};
	rootObject = 3A22098F21E2131100AF9247 /* Project object */;
}
